
Microsoft Visual Studio Solution File, Format Version 12.00
# Visual Studio 15
VisualStudioVersion = 15.0.27004.2006
MinimumVisualStudioVersion = 10.0.40219.1
Project("{FAE04EC0-301F-11D3-BF4B-00C04F79EFBC}") = "Homework254", "Homework254\Homework254.csproj", "{A1C0BE54-9311-4C9E-880F-B2C81A3D9569}"
EndProject
Project("{FAE04EC0-301F-11D3-BF4B-00C04F79EFBC}") = "SortName", "SortName\SortName.csproj", "{59008929-B1FC-4348-B3A1-609CCB8C7E53}"
EndProject
Global
	GlobalSection(SolutionConfigurationPlatforms) = preSolution
		Debug|Any CPU = Debug|Any CPU
		Release|Any CPU = Release|Any CPU
	EndGlobalSection
	GlobalSection(ProjectConfigurationPlatforms) = postSolution
		{A1C0BE54-9311-4C9E-880F-B2C81A3D9569}.Debug|Any CPU.ActiveCfg = Debug|Any CPU
		{A1C0BE54-9311-4C9E-880F-B2C81A3D9569}.Debug|Any CPU.Build.0 = Debug|Any CPU
		{A1C0BE54-9311-4C9E-880F-B2C81A3D9569}.Release|Any CPU.ActiveCfg = Release|Any CPU
		{A1C0BE54-9311-4C9E-880F-B2C81A3D9569}.Release|Any CPU.Build.0 = Release|Any CPU
		{59008929-B1FC-4348-B3A1-609CCB8C7E53}.Debug|Any CPU.ActiveCfg = Debug|Any CPU
		{59008929-B1FC-4348-B3A1-609CCB8C7E53}.Debug|Any CPU.Build.0 = Debug|Any CPU
		{59008929-B1FC-4348-B3A1-609CCB8C7E53}.Release|Any CPU.ActiveCfg = Release|Any CPU
		{59008929-B1FC-4348-B3A1-609CCB8C7E53}.Release|Any CPU.Build.0 = Release|Any CPU
	EndGlobalSection
	GlobalSection(SolutionProperties) = preSolution
		HideSolutionNode = FALSE
	EndGlobalSection
	GlobalSection(ExtensibilityGlobals) = postSolution
		SolutionGuid = {83C32D15-FEE4-4D44-BA2B-CB45758F91A9}
	EndGlobalSection
EndGlobal
